
Microsoft Visual Studio Solution File, Format Version 12.00
# Visual Studio Version 17
VisualStudioVersion = 17.13.35931.197 d17.13
MinimumVisualStudioVersion = 10.0.40219.1
Project("{FAE04EC0-301F-11D3-BF4B-00C04F79EFBC}") = "KLib.Test", "KLib.Test.csproj", "{D464DA0A-7842-458B-BA51-F68B7D6BFF85}"
EndProject
Project("{FAE04EC0-301F-11D3-BF4B-00C04F79EFBC}") = "MSGraphDemo", "MSGraphDemo\MSGraphDemo.csproj", "{9392F94C-D2F3-44BD-8E5B-4CD541FE740C}"
EndProject
Project("{FAE04EC0-301F-11D3-BF4B-00C04F79EFBC}") = "ControlTests", "ControlTests\ControlTests.csproj", "{58DDF4B6-E40B-4449-ACB1-4FCEC1407CBF}"
EndProject
Global
	GlobalSection(SolutionConfigurationPlatforms) = preSolution
		Debug|Any CPU = Debug|Any CPU
		Debug|x64 = Debug|x64
		Debug|x86 = Debug|x86
		Release|Any CPU = Release|Any CPU
		Release|x64 = Release|x64
		Release|x86 = Release|x86
	EndGlobalSection
	GlobalSection(ProjectConfigurationPlatforms) = postSolution
		{D464DA0A-7842-458B-BA51-F68B7D6BFF85}.Debug|Any CPU.ActiveCfg = Debug|x86
		{D464DA0A-7842-458B-BA51-F68B7D6BFF85}.Debug|x64.ActiveCfg = Debug|x64
		{D464DA0A-7842-458B-BA51-F68B7D6BFF85}.Debug|x64.Build.0 = Debug|x64
		{D464DA0A-7842-458B-BA51-F68B7D6BFF85}.Debug|x86.ActiveCfg = Debug|x86
		{D464DA0A-7842-458B-BA51-F68B7D6BFF85}.Debug|x86.Build.0 = Debug|x86
		{D464DA0A-7842-458B-BA51-F68B7D6BFF85}.Release|Any CPU.ActiveCfg = Release|x86
		{D464DA0A-7842-458B-BA51-F68B7D6BFF85}.Release|x64.ActiveCfg = Release|x64
		{D464DA0A-7842-458B-BA51-F68B7D6BFF85}.Release|x64.Build.0 = Release|x64
		{D464DA0A-7842-458B-BA51-F68B7D6BFF85}.Release|x86.ActiveCfg = Release|x86
		{D464DA0A-7842-458B-BA51-F68B7D6BFF85}.Release|x86.Build.0 = Release|x86
		{9392F94C-D2F3-44BD-8E5B-4CD541FE740C}.Debug|Any CPU.ActiveCfg = Debug|Any CPU
		{9392F94C-D2F3-44BD-8E5B-4CD541FE740C}.Debug|Any CPU.Build.0 = Debug|Any CPU
		{9392F94C-D2F3-44BD-8E5B-4CD541FE740C}.Debug|x64.ActiveCfg = Debug|Any CPU
		{9392F94C-D2F3-44BD-8E5B-4CD541FE740C}.Debug|x64.Build.0 = Debug|Any CPU
		{9392F94C-D2F3-44BD-8E5B-4CD541FE740C}.Debug|x86.ActiveCfg = Debug|Any CPU
		{9392F94C-D2F3-44BD-8E5B-4CD541FE740C}.Debug|x86.Build.0 = Debug|Any CPU
		{9392F94C-D2F3-44BD-8E5B-4CD541FE740C}.Release|Any CPU.ActiveCfg = Release|Any CPU
		{9392F94C-D2F3-44BD-8E5B-4CD541FE740C}.Release|Any CPU.Build.0 = Release|Any CPU
		{9392F94C-D2F3-44BD-8E5B-4CD541FE740C}.Release|x64.ActiveCfg = Release|Any CPU
		{9392F94C-D2F3-44BD-8E5B-4CD541FE740C}.Release|x64.Build.0 = Release|Any CPU
		{9392F94C-D2F3-44BD-8E5B-4CD541FE740C}.Release|x86.ActiveCfg = Release|Any CPU
		{9392F94C-D2F3-44BD-8E5B-4CD541FE740C}.Release|x86.Build.0 = Release|Any CPU
		{58DDF4B6-E40B-4449-ACB1-4FCEC1407CBF}.Debug|Any CPU.ActiveCfg = Debug|Any CPU
		{58DDF4B6-E40B-4449-ACB1-4FCEC1407CBF}.Debug|Any CPU.Build.0 = Debug|Any CPU
		{58DDF4B6-E40B-4449-ACB1-4FCEC1407CBF}.Debug|x64.ActiveCfg = Debug|Any CPU
		{58DDF4B6-E40B-4449-ACB1-4FCEC1407CBF}.Debug|x64.Build.0 = Debug|Any CPU
		{58DDF4B6-E40B-4449-ACB1-4FCEC1407CBF}.Debug|x86.ActiveCfg = Debug|Any CPU
		{58DDF4B6-E40B-4449-ACB1-4FCEC1407CBF}.Debug|x86.Build.0 = Debug|Any CPU
		{58DDF4B6-E40B-4449-ACB1-4FCEC1407CBF}.Release|Any CPU.ActiveCfg = Release|Any CPU
		{58DDF4B6-E40B-4449-ACB1-4FCEC1407CBF}.Release|Any CPU.Build.0 = Release|Any CPU
		{58DDF4B6-E40B-4449-ACB1-4FCEC1407CBF}.Release|x64.ActiveCfg = Release|Any CPU
		{58DDF4B6-E40B-4449-ACB1-4FCEC1407CBF}.Release|x64.Build.0 = Release|Any CPU
		{58DDF4B6-E40B-4449-ACB1-4FCEC1407CBF}.Release|x86.ActiveCfg = Release|Any CPU
		{58DDF4B6-E40B-4449-ACB1-4FCEC1407CBF}.Release|x86.Build.0 = Release|Any CPU
	EndGlobalSection
	GlobalSection(SolutionProperties) = preSolution
		HideSolutionNode = FALSE
	EndGlobalSection
	GlobalSection(ExtensibilityGlobals) = postSolution
		SolutionGuid = {DCF94680-6727-467C-AC6C-2C7261A0A2F7}
	EndGlobalSection
EndGlobal
