
Microsoft Visual Studio Solution File, Format Version 12.00
# Visual Studio 15
VisualStudioVersion = 15.0.28307.705
MinimumVisualStudioVersion = 10.0.40219.1
Project("{FAE04EC0-301F-11D3-BF4B-00C04F79EFBC}") = "Signals", "Signals\Signals.csproj", "{7D1BB5A7-624B-4438-8802-D8684FC1C3FB}"
EndProject
Project("{FAE04EC0-301F-11D3-BF4B-00C04F79EFBC}") = "Utilities", "Utilities\Utilities.csproj", "{264C784D-482B-4E01-91EE-61DCB9627908}"
EndProject
Project("{FAE04EC0-301F-11D3-BF4B-00C04F79EFBC}") = "Encryption Tool", "Encryption Tool\Encryption Tool.csproj", "{ABE415DB-70EC-4D55-9C74-7ECCCA698F8B}"
EndProject
Project("{FAE04EC0-301F-11D3-BF4B-00C04F79EFBC}") = "Geometry", "Geometry\Geometry.csproj", "{304351CD-276F-40B8-A8A9-233354A249C4}"
EndProject
Project("{FAE04EC0-301F-11D3-BF4B-00C04F79EFBC}") = "Controls", "Controls\Controls.csproj", "{C2D9C28F-AC50-488B-B604-770683BD0C64}"
EndProject
Project("{FAE04EC0-301F-11D3-BF4B-00C04F79EFBC}") = "ZedGraph", "ZedGraph\ZedGraph.csproj", "{2541686B-1673-43BF-AF89-3163945DB009}"
EndProject
Project("{FAE04EC0-301F-11D3-BF4B-00C04F79EFBC}") = "MSGraph", "MSGraph\MSGraph.csproj", "{109C5B92-CCB3-4526-9C89-E7DB1075F578}"
EndProject
Project("{FAE04EC0-301F-11D3-BF4B-00C04F79EFBC}") = "CoreAudio", "CoreAudio\CoreAudio.csproj", "{729EBA93-61DD-4246-BB3A-531D24FAB5C9}"
EndProject
Project("{FAE04EC0-301F-11D3-BF4B-00C04F79EFBC}") = "Net", "Net\Net.csproj", "{8A99C8EA-F581-44D5-A5F3-E0EDA08B8B0F}"
EndProject
Project("{FAE04EC0-301F-11D3-BF4B-00C04F79EFBC}") = "VolumeManager", "VolumeManager\VolumeManager.csproj", "{6F72051D-3F34-4EC5-A7B2-406D7CD7351A}"
EndProject
Global
	GlobalSection(SolutionConfigurationPlatforms) = preSolution
		Debug|Any CPU = Debug|Any CPU
		Debug|Mixed Platforms = Debug|Mixed Platforms
		Debug|x86 = Debug|x86
		Release|Any CPU = Release|Any CPU
		Release|Mixed Platforms = Release|Mixed Platforms
		Release|x86 = Release|x86
	EndGlobalSection
	GlobalSection(ProjectConfigurationPlatforms) = postSolution
		{7D1BB5A7-624B-4438-8802-D8684FC1C3FB}.Debug|Any CPU.ActiveCfg = Debug|Any CPU
		{7D1BB5A7-624B-4438-8802-D8684FC1C3FB}.Debug|Any CPU.Build.0 = Debug|Any CPU
		{7D1BB5A7-624B-4438-8802-D8684FC1C3FB}.Debug|Mixed Platforms.ActiveCfg = Debug|Any CPU
		{7D1BB5A7-624B-4438-8802-D8684FC1C3FB}.Debug|Mixed Platforms.Build.0 = Debug|Any CPU
		{7D1BB5A7-624B-4438-8802-D8684FC1C3FB}.Debug|x86.ActiveCfg = Debug|Any CPU
		{7D1BB5A7-624B-4438-8802-D8684FC1C3FB}.Release|Any CPU.ActiveCfg = Release|Any CPU
		{7D1BB5A7-624B-4438-8802-D8684FC1C3FB}.Release|Any CPU.Build.0 = Release|Any CPU
		{7D1BB5A7-624B-4438-8802-D8684FC1C3FB}.Release|Mixed Platforms.ActiveCfg = Release|Any CPU
		{7D1BB5A7-624B-4438-8802-D8684FC1C3FB}.Release|Mixed Platforms.Build.0 = Release|Any CPU
		{7D1BB5A7-624B-4438-8802-D8684FC1C3FB}.Release|x86.ActiveCfg = Release|Any CPU
		{264C784D-482B-4E01-91EE-61DCB9627908}.Debug|Any CPU.ActiveCfg = Debug|Any CPU
		{264C784D-482B-4E01-91EE-61DCB9627908}.Debug|Any CPU.Build.0 = Debug|Any CPU
		{264C784D-482B-4E01-91EE-61DCB9627908}.Debug|Mixed Platforms.ActiveCfg = Debug|Any CPU
		{264C784D-482B-4E01-91EE-61DCB9627908}.Debug|Mixed Platforms.Build.0 = Debug|Any CPU
		{264C784D-482B-4E01-91EE-61DCB9627908}.Debug|x86.ActiveCfg = Debug|Any CPU
		{264C784D-482B-4E01-91EE-61DCB9627908}.Release|Any CPU.ActiveCfg = Release|Any CPU
		{264C784D-482B-4E01-91EE-61DCB9627908}.Release|Any CPU.Build.0 = Release|Any CPU
		{264C784D-482B-4E01-91EE-61DCB9627908}.Release|Mixed Platforms.ActiveCfg = Release|Any CPU
		{264C784D-482B-4E01-91EE-61DCB9627908}.Release|Mixed Platforms.Build.0 = Release|Any CPU
		{264C784D-482B-4E01-91EE-61DCB9627908}.Release|x86.ActiveCfg = Release|Any CPU
		{ABE415DB-70EC-4D55-9C74-7ECCCA698F8B}.Debug|Any CPU.ActiveCfg = Debug|x86
		{ABE415DB-70EC-4D55-9C74-7ECCCA698F8B}.Debug|Mixed Platforms.ActiveCfg = Debug|x86
		{ABE415DB-70EC-4D55-9C74-7ECCCA698F8B}.Debug|Mixed Platforms.Build.0 = Debug|x86
		{ABE415DB-70EC-4D55-9C74-7ECCCA698F8B}.Debug|x86.ActiveCfg = Debug|x86
		{ABE415DB-70EC-4D55-9C74-7ECCCA698F8B}.Debug|x86.Build.0 = Debug|x86
		{ABE415DB-70EC-4D55-9C74-7ECCCA698F8B}.Release|Any CPU.ActiveCfg = Release|x86
		{ABE415DB-70EC-4D55-9C74-7ECCCA698F8B}.Release|Mixed Platforms.ActiveCfg = Release|x86
		{ABE415DB-70EC-4D55-9C74-7ECCCA698F8B}.Release|Mixed Platforms.Build.0 = Release|x86
		{ABE415DB-70EC-4D55-9C74-7ECCCA698F8B}.Release|x86.ActiveCfg = Release|x86
		{ABE415DB-70EC-4D55-9C74-7ECCCA698F8B}.Release|x86.Build.0 = Release|x86
		{304351CD-276F-40B8-A8A9-233354A249C4}.Debug|Any CPU.ActiveCfg = Debug|Any CPU
		{304351CD-276F-40B8-A8A9-233354A249C4}.Debug|Any CPU.Build.0 = Debug|Any CPU
		{304351CD-276F-40B8-A8A9-233354A249C4}.Debug|Mixed Platforms.ActiveCfg = Debug|Any CPU
		{304351CD-276F-40B8-A8A9-233354A249C4}.Debug|Mixed Platforms.Build.0 = Debug|Any CPU
		{304351CD-276F-40B8-A8A9-233354A249C4}.Debug|x86.ActiveCfg = Debug|Any CPU
		{304351CD-276F-40B8-A8A9-233354A249C4}.Release|Any CPU.ActiveCfg = Release|Any CPU
		{304351CD-276F-40B8-A8A9-233354A249C4}.Release|Any CPU.Build.0 = Release|Any CPU
		{304351CD-276F-40B8-A8A9-233354A249C4}.Release|Mixed Platforms.ActiveCfg = Release|Any CPU
		{304351CD-276F-40B8-A8A9-233354A249C4}.Release|Mixed Platforms.Build.0 = Release|Any CPU
		{304351CD-276F-40B8-A8A9-233354A249C4}.Release|x86.ActiveCfg = Release|Any CPU
		{C2D9C28F-AC50-488B-B604-770683BD0C64}.Debug|Any CPU.ActiveCfg = Debug|Any CPU
		{C2D9C28F-AC50-488B-B604-770683BD0C64}.Debug|Any CPU.Build.0 = Debug|Any CPU
		{C2D9C28F-AC50-488B-B604-770683BD0C64}.Debug|Mixed Platforms.ActiveCfg = Debug|Any CPU
		{C2D9C28F-AC50-488B-B604-770683BD0C64}.Debug|Mixed Platforms.Build.0 = Debug|Any CPU
		{C2D9C28F-AC50-488B-B604-770683BD0C64}.Debug|x86.ActiveCfg = Debug|Any CPU
		{C2D9C28F-AC50-488B-B604-770683BD0C64}.Debug|x86.Build.0 = Debug|Any CPU
		{C2D9C28F-AC50-488B-B604-770683BD0C64}.Release|Any CPU.ActiveCfg = Release|Any CPU
		{C2D9C28F-AC50-488B-B604-770683BD0C64}.Release|Any CPU.Build.0 = Release|Any CPU
		{C2D9C28F-AC50-488B-B604-770683BD0C64}.Release|Mixed Platforms.ActiveCfg = Release|Any CPU
		{C2D9C28F-AC50-488B-B604-770683BD0C64}.Release|Mixed Platforms.Build.0 = Release|Any CPU
		{C2D9C28F-AC50-488B-B604-770683BD0C64}.Release|x86.ActiveCfg = Release|Any CPU
		{C2D9C28F-AC50-488B-B604-770683BD0C64}.Release|x86.Build.0 = Release|Any CPU
		{2541686B-1673-43BF-AF89-3163945DB009}.Debug|Any CPU.ActiveCfg = Debug|Any CPU
		{2541686B-1673-43BF-AF89-3163945DB009}.Debug|Any CPU.Build.0 = Debug|Any CPU
		{2541686B-1673-43BF-AF89-3163945DB009}.Debug|Mixed Platforms.ActiveCfg = Debug|Any CPU
		{2541686B-1673-43BF-AF89-3163945DB009}.Debug|Mixed Platforms.Build.0 = Debug|Any CPU
		{2541686B-1673-43BF-AF89-3163945DB009}.Debug|x86.ActiveCfg = Debug|Any CPU
		{2541686B-1673-43BF-AF89-3163945DB009}.Debug|x86.Build.0 = Debug|Any CPU
		{2541686B-1673-43BF-AF89-3163945DB009}.Release|Any CPU.ActiveCfg = Release|Any CPU
		{2541686B-1673-43BF-AF89-3163945DB009}.Release|Any CPU.Build.0 = Release|Any CPU
		{2541686B-1673-43BF-AF89-3163945DB009}.Release|Mixed Platforms.ActiveCfg = Release|Any CPU
		{2541686B-1673-43BF-AF89-3163945DB009}.Release|Mixed Platforms.Build.0 = Release|Any CPU
		{2541686B-1673-43BF-AF89-3163945DB009}.Release|x86.ActiveCfg = Release|Any CPU
		{2541686B-1673-43BF-AF89-3163945DB009}.Release|x86.Build.0 = Release|Any CPU
		{109C5B92-CCB3-4526-9C89-E7DB1075F578}.Debug|Any CPU.ActiveCfg = Debug|Any CPU
		{109C5B92-CCB3-4526-9C89-E7DB1075F578}.Debug|Any CPU.Build.0 = Debug|Any CPU
		{109C5B92-CCB3-4526-9C89-E7DB1075F578}.Debug|Mixed Platforms.ActiveCfg = Debug|Any CPU
		{109C5B92-CCB3-4526-9C89-E7DB1075F578}.Debug|Mixed Platforms.Build.0 = Debug|Any CPU
		{109C5B92-CCB3-4526-9C89-E7DB1075F578}.Debug|x86.ActiveCfg = Debug|Any CPU
		{109C5B92-CCB3-4526-9C89-E7DB1075F578}.Debug|x86.Build.0 = Debug|Any CPU
		{109C5B92-CCB3-4526-9C89-E7DB1075F578}.Release|Any CPU.ActiveCfg = Release|Any CPU
		{109C5B92-CCB3-4526-9C89-E7DB1075F578}.Release|Any CPU.Build.0 = Release|Any CPU
		{109C5B92-CCB3-4526-9C89-E7DB1075F578}.Release|Mixed Platforms.ActiveCfg = Release|Any CPU
		{109C5B92-CCB3-4526-9C89-E7DB1075F578}.Release|Mixed Platforms.Build.0 = Release|Any CPU
		{109C5B92-CCB3-4526-9C89-E7DB1075F578}.Release|x86.ActiveCfg = Release|Any CPU
		{109C5B92-CCB3-4526-9C89-E7DB1075F578}.Release|x86.Build.0 = Release|Any CPU
		{729EBA93-61DD-4246-BB3A-531D24FAB5C9}.Debug|Any CPU.ActiveCfg = Debug|Any CPU
		{729EBA93-61DD-4246-BB3A-531D24FAB5C9}.Debug|Any CPU.Build.0 = Debug|Any CPU
		{729EBA93-61DD-4246-BB3A-531D24FAB5C9}.Debug|Mixed Platforms.ActiveCfg = Debug|Any CPU
		{729EBA93-61DD-4246-BB3A-531D24FAB5C9}.Debug|Mixed Platforms.Build.0 = Debug|Any CPU
		{729EBA93-61DD-4246-BB3A-531D24FAB5C9}.Debug|x86.ActiveCfg = Debug|Any CPU
		{729EBA93-61DD-4246-BB3A-531D24FAB5C9}.Debug|x86.Build.0 = Debug|Any CPU
		{729EBA93-61DD-4246-BB3A-531D24FAB5C9}.Release|Any CPU.ActiveCfg = Release|Any CPU
		{729EBA93-61DD-4246-BB3A-531D24FAB5C9}.Release|Any CPU.Build.0 = Release|Any CPU
		{729EBA93-61DD-4246-BB3A-531D24FAB5C9}.Release|Mixed Platforms.ActiveCfg = Release|Any CPU
		{729EBA93-61DD-4246-BB3A-531D24FAB5C9}.Release|Mixed Platforms.Build.0 = Release|Any CPU
		{729EBA93-61DD-4246-BB3A-531D24FAB5C9}.Release|x86.ActiveCfg = Release|Any CPU
		{729EBA93-61DD-4246-BB3A-531D24FAB5C9}.Release|x86.Build.0 = Release|Any CPU
		{8A99C8EA-F581-44D5-A5F3-E0EDA08B8B0F}.Debug|Any CPU.ActiveCfg = Debug|Any CPU
		{8A99C8EA-F581-44D5-A5F3-E0EDA08B8B0F}.Debug|Any CPU.Build.0 = Debug|Any CPU
		{8A99C8EA-F581-44D5-A5F3-E0EDA08B8B0F}.Debug|Mixed Platforms.ActiveCfg = Debug|Any CPU
		{8A99C8EA-F581-44D5-A5F3-E0EDA08B8B0F}.Debug|Mixed Platforms.Build.0 = Debug|Any CPU
		{8A99C8EA-F581-44D5-A5F3-E0EDA08B8B0F}.Debug|x86.ActiveCfg = Debug|Any CPU
		{8A99C8EA-F581-44D5-A5F3-E0EDA08B8B0F}.Debug|x86.Build.0 = Debug|Any CPU
		{8A99C8EA-F581-44D5-A5F3-E0EDA08B8B0F}.Release|Any CPU.ActiveCfg = Release|Any CPU
		{8A99C8EA-F581-44D5-A5F3-E0EDA08B8B0F}.Release|Any CPU.Build.0 = Release|Any CPU
		{8A99C8EA-F581-44D5-A5F3-E0EDA08B8B0F}.Release|Mixed Platforms.ActiveCfg = Release|Any CPU
		{8A99C8EA-F581-44D5-A5F3-E0EDA08B8B0F}.Release|Mixed Platforms.Build.0 = Release|Any CPU
		{8A99C8EA-F581-44D5-A5F3-E0EDA08B8B0F}.Release|x86.ActiveCfg = Release|Any CPU
		{8A99C8EA-F581-44D5-A5F3-E0EDA08B8B0F}.Release|x86.Build.0 = Release|Any CPU
		{6F72051D-3F34-4EC5-A7B2-406D7CD7351A}.Debug|Any CPU.ActiveCfg = Debug|Any CPU
		{6F72051D-3F34-4EC5-A7B2-406D7CD7351A}.Debug|Any CPU.Build.0 = Debug|Any CPU
		{6F72051D-3F34-4EC5-A7B2-406D7CD7351A}.Debug|Mixed Platforms.ActiveCfg = Debug|Any CPU
		{6F72051D-3F34-4EC5-A7B2-406D7CD7351A}.Debug|Mixed Platforms.Build.0 = Debug|Any CPU
		{6F72051D-3F34-4EC5-A7B2-406D7CD7351A}.Debug|x86.ActiveCfg = Debug|Any CPU
		{6F72051D-3F34-4EC5-A7B2-406D7CD7351A}.Debug|x86.Build.0 = Debug|Any CPU
		{6F72051D-3F34-4EC5-A7B2-406D7CD7351A}.Release|Any CPU.ActiveCfg = Release|Any CPU
		{6F72051D-3F34-4EC5-A7B2-406D7CD7351A}.Release|Any CPU.Build.0 = Release|Any CPU
		{6F72051D-3F34-4EC5-A7B2-406D7CD7351A}.Release|Mixed Platforms.ActiveCfg = Release|Any CPU
		{6F72051D-3F34-4EC5-A7B2-406D7CD7351A}.Release|Mixed Platforms.Build.0 = Release|Any CPU
		{6F72051D-3F34-4EC5-A7B2-406D7CD7351A}.Release|x86.ActiveCfg = Release|Any CPU
		{6F72051D-3F34-4EC5-A7B2-406D7CD7351A}.Release|x86.Build.0 = Release|Any CPU
	EndGlobalSection
	GlobalSection(SolutionProperties) = preSolution
		HideSolutionNode = FALSE
	EndGlobalSection
	GlobalSection(ExtensibilityGlobals) = postSolution
		SolutionGuid = {5461B306-C591-41DC-A7FD-1A246B9B9C2F}
	EndGlobalSection
EndGlobal
